
Microsoft Visual Studio Solution File, Format Version 12.00
# Visual Studio Version 17
VisualStudioVersion = 17.9.34728.123
MinimumVisualStudioVersion = 10.0.40219.1
Project("{8BC9CEB8-8B4A-11D0-8D11-00A0C91BC942}") = "TestProject", "TestProject\TestProject.vcxproj", "{5F45B6DF-4609-43D1-82DD-B6E4E543647C}"
EndProject
Project("{8BC9CEB8-8B4A-11D0-8D11-00A0C91BC942}") = "W1Lecture", "W1Lecture\W1Lecture.vcxproj", "{3809D829-2E5A-469F-953C-255097FB6DD9}"
EndProject
Global
	GlobalSection(SolutionConfigurationPlatforms) = preSolution
		Debug|x64 = Debug|x64
		Debug|x86 = Debug|x86
		Release|x64 = Release|x64
		Release|x86 = Release|x86
	EndGlobalSection
	GlobalSection(ProjectConfigurationPlatforms) = postSolution
		{5F45B6DF-4609-43D1-82DD-B6E4E543647C}.Debug|x64.ActiveCfg = Debug|x64
		{5F45B6DF-4609-43D1-82DD-B6E4E543647C}.Debug|x64.Build.0 = Debug|x64
		{5F45B6DF-4609-43D1-82DD-B6E4E543647C}.Debug|x86.ActiveCfg = Debug|Win32
		{5F45B6DF-4609-43D1-82DD-B6E4E543647C}.Debug|x86.Build.0 = Debug|Win32
		{5F45B6DF-4609-43D1-82DD-B6E4E543647C}.Release|x64.ActiveCfg = Release|x64
		{5F45B6DF-4609-43D1-82DD-B6E4E543647C}.Release|x64.Build.0 = Release|x64
		{5F45B6DF-4609-43D1-82DD-B6E4E543647C}.Release|x86.ActiveCfg = Release|Win32
		{5F45B6DF-4609-43D1-82DD-B6E4E543647C}.Release|x86.Build.0 = Release|Win32
		{3809D829-2E5A-469F-953C-255097FB6DD9}.Debug|x64.ActiveCfg = Debug|x64
		{3809D829-2E5A-469F-953C-255097FB6DD9}.Debug|x64.Build.0 = Debug|x64
		{3809D829-2E5A-469F-953C-255097FB6DD9}.Debug|x86.ActiveCfg = Debug|Win32
		{3809D829-2E5A-469F-953C-255097FB6DD9}.Debug|x86.Build.0 = Debug|Win32
		{3809D829-2E5A-469F-953C-255097FB6DD9}.Release|x64.ActiveCfg = Release|x64
		{3809D829-2E5A-469F-953C-255097FB6DD9}.Release|x64.Build.0 = Release|x64
		{3809D829-2E5A-469F-953C-255097FB6DD9}.Release|x86.ActiveCfg = Release|Win32
		{3809D829-2E5A-469F-953C-255097FB6DD9}.Release|x86.Build.0 = Release|Win32
	EndGlobalSection
	GlobalSection(SolutionProperties) = preSolution
		HideSolutionNode = FALSE
	EndGlobalSection
	GlobalSection(ExtensibilityGlobals) = postSolution
		SolutionGuid = {8D2E675E-CEC7-4CCB-9173-C3F1CCBF48F8}
	EndGlobalSection
EndGlobal
